// !$*UTF8*$!
{
	archiveVersion = 1;
	classes = {
	};
	objectVersion = 56;
	objects = {

/* Begin PBXBuildFile section */
		218B8B1DCD0202C3DA7EC4D3 /* Pods_RIBs_memo.framework in Frameworks */ = {isa = PBXBuildFile; fileRef = 8E82D2FDA95E4D11141A8378 /* Pods_RIBs_memo.framework */; };
		AF8B59C50A6877828964BB35 /* Pods_RIBs_memoTests.framework in Frameworks */ = {isa = PBXBuildFile; fileRef = 474BBBFB6D4A549A9803317F /* Pods_RIBs_memoTests.framework */; };
		E18336462940E68E007B4EE7 /* RootRouter.swift in Sources */ = {isa = PBXBuildFile; fileRef = E18336422940E68E007B4EE7 /* RootRouter.swift */; };
		E18336472940E68E007B4EE7 /* RootViewController.swift in Sources */ = {isa = PBXBuildFile; fileRef = E18336432940E68E007B4EE7 /* RootViewController.swift */; };
		E18336482940E68E007B4EE7 /* RootBuilder.swift in Sources */ = {isa = PBXBuildFile; fileRef = E18336442940E68E007B4EE7 /* RootBuilder.swift */; };
		E18336492940E68E007B4EE7 /* RootInteractor.swift in Sources */ = {isa = PBXBuildFile; fileRef = E18336452940E68E007B4EE7 /* RootInteractor.swift */; };
		E183364D2940EA40007B4EE7 /* AppComponent.swift in Sources */ = {isa = PBXBuildFile; fileRef = E183364C2940EA40007B4EE7 /* AppComponent.swift */; };
		E1BD932A293E3C4600D829C4 /* AppDelegate.swift in Sources */ = {isa = PBXBuildFile; fileRef = E1BD9329293E3C4600D829C4 /* AppDelegate.swift */; };
		E1BD932C293E3C4600D829C4 /* SceneDelegate.swift in Sources */ = {isa = PBXBuildFile; fileRef = E1BD932B293E3C4600D829C4 /* SceneDelegate.swift */; };
		E1BD9333293E3C4800D829C4 /* Assets.xcassets in Resources */ = {isa = PBXBuildFile; fileRef = E1BD9332293E3C4800D829C4 /* Assets.xcassets */; };
		E1BD9336293E3C4800D829C4 /* LaunchScreen.storyboard in Resources */ = {isa = PBXBuildFile; fileRef = E1BD9334293E3C4800D829C4 /* LaunchScreen.storyboard */; };
		E1BD9341293E3C4900D829C4 /* RIBs_memoTests.swift in Sources */ = {isa = PBXBuildFile; fileRef = E1BD9340293E3C4900D829C4 /* RIBs_memoTests.swift */; };
		E1BD934B293E3C4900D829C4 /* RIBs_memoUITests.swift in Sources */ = {isa = PBXBuildFile; fileRef = E1BD934A293E3C4900D829C4 /* RIBs_memoUITests.swift */; };
		E1BD934D293E3C4900D829C4 /* RIBs_memoUITestsLaunchTests.swift in Sources */ = {isa = PBXBuildFile; fileRef = E1BD934C293E3C4900D829C4 /* RIBs_memoUITestsLaunchTests.swift */; };
		E1C4A8E929474EA300E6DA43 /* RootComponent+LoggedOut.swift in Sources */ = {isa = PBXBuildFile; fileRef = E1C4A8E829474EA300E6DA43 /* RootComponent+LoggedOut.swift */; };
		E1E96856293E43C800CDEF61 /* LoggedOutRouter.swift in Sources */ = {isa = PBXBuildFile; fileRef = E1E96851293E43C800CDEF61 /* LoggedOutRouter.swift */; };
		E1E96857293E43C800CDEF61 /* LoggedOutViewController.storyboard in Resources */ = {isa = PBXBuildFile; fileRef = E1E96852293E43C800CDEF61 /* LoggedOutViewController.storyboard */; };
		E1E96858293E43C800CDEF61 /* LoggedOutViewController.swift in Sources */ = {isa = PBXBuildFile; fileRef = E1E96853293E43C800CDEF61 /* LoggedOutViewController.swift */; };
		E1E96859293E43C800CDEF61 /* LoggedOutBuilder.swift in Sources */ = {isa = PBXBuildFile; fileRef = E1E96854293E43C800CDEF61 /* LoggedOutBuilder.swift */; };
		E1E9685A293E43C800CDEF61 /* LoggedOutInteractor.swift in Sources */ = {isa = PBXBuildFile; fileRef = E1E96855293E43C800CDEF61 /* LoggedOutInteractor.swift */; };
		E1ED900429477EF1007659E7 /* LoginTextInputManager.swift in Sources */ = {isa = PBXBuildFile; fileRef = E1ED900329477EF1007659E7 /* LoginTextInputManager.swift */; };
		FDAAE1E25711F898A8AB8C42 /* Pods_RIBs_memo_RIBs_memoUITests.framework in Frameworks */ = {isa = PBXBuildFile; fileRef = D0F45C6D6A3B1EE9B5212078 /* Pods_RIBs_memo_RIBs_memoUITests.framework */; };
/* End PBXBuildFile section */

/* Begin PBXContainerItemProxy section */
		E1BD933D293E3C4900D829C4 /* PBXContainerItemProxy */ = {
			isa = PBXContainerItemProxy;
			containerPortal = E1BD931E293E3C4600D829C4 /* Project object */;
			proxyType = 1;
			remoteGlobalIDString = E1BD9325293E3C4600D829C4;
			remoteInfo = RIBs_memo;
		};
		E1BD9347293E3C4900D829C4 /* PBXContainerItemProxy */ = {
			isa = PBXContainerItemProxy;
			containerPortal = E1BD931E293E3C4600D829C4 /* Project object */;
			proxyType = 1;
			remoteGlobalIDString = E1BD9325293E3C4600D829C4;
			remoteInfo = RIBs_memo;
		};
/* End PBXContainerItemProxy section */

/* Begin PBXFileReference section */
		1C23BAA3E622ED1109720F0D /* Pods-RIBs_memo-RIBs_memoUITests.release.xcconfig */ = {isa = PBXFileReference; includeInIndex = 1; lastKnownFileType = text.xcconfig; name = "Pods-RIBs_memo-RIBs_memoUITests.release.xcconfig"; path = "Target Support Files/Pods-RIBs_memo-RIBs_memoUITests/Pods-RIBs_memo-RIBs_memoUITests.release.xcconfig"; sourceTree = "<group>"; };
		474BBBFB6D4A549A9803317F /* Pods_RIBs_memoTests.framework */ = {isa = PBXFileReference; explicitFileType = wrapper.framework; includeInIndex = 0; path = Pods_RIBs_memoTests.framework; sourceTree = BUILT_PRODUCTS_DIR; };
		48E8AC46F4472702AC81DC7D /* Pods-RIBs_memo-RIBs_memoUITests.debug.xcconfig */ = {isa = PBXFileReference; includeInIndex = 1; lastKnownFileType = text.xcconfig; name = "Pods-RIBs_memo-RIBs_memoUITests.debug.xcconfig"; path = "Target Support Files/Pods-RIBs_memo-RIBs_memoUITests/Pods-RIBs_memo-RIBs_memoUITests.debug.xcconfig"; sourceTree = "<group>"; };
		48F29E3885C8281A47612CCD /* Pods-RIBs_memo.debug.xcconfig */ = {isa = PBXFileReference; includeInIndex = 1; lastKnownFileType = text.xcconfig; name = "Pods-RIBs_memo.debug.xcconfig"; path = "Target Support Files/Pods-RIBs_memo/Pods-RIBs_memo.debug.xcconfig"; sourceTree = "<group>"; };
		865E965DE75CD6FFAE6676B8 /* Pods-RIBs_memoTests.release.xcconfig */ = {isa = PBXFileReference; includeInIndex = 1; lastKnownFileType = text.xcconfig; name = "Pods-RIBs_memoTests.release.xcconfig"; path = "Target Support Files/Pods-RIBs_memoTests/Pods-RIBs_memoTests.release.xcconfig"; sourceTree = "<group>"; };
		8E32E19E42FC623E8A0098A1 /* Pods-RIBs_memoTests.debug.xcconfig */ = {isa = PBXFileReference; includeInIndex = 1; lastKnownFileType = text.xcconfig; name = "Pods-RIBs_memoTests.debug.xcconfig"; path = "Target Support Files/Pods-RIBs_memoTests/Pods-RIBs_memoTests.debug.xcconfig"; sourceTree = "<group>"; };
		8E82D2FDA95E4D11141A8378 /* Pods_RIBs_memo.framework */ = {isa = PBXFileReference; explicitFileType = wrapper.framework; includeInIndex = 0; path = Pods_RIBs_memo.framework; sourceTree = BUILT_PRODUCTS_DIR; };
		D0F45C6D6A3B1EE9B5212078 /* Pods_RIBs_memo_RIBs_memoUITests.framework */ = {isa = PBXFileReference; explicitFileType = wrapper.framework; includeInIndex = 0; path = Pods_RIBs_memo_RIBs_memoUITests.framework; sourceTree = BUILT_PRODUCTS_DIR; };
		E18336422940E68E007B4EE7 /* RootRouter.swift */ = {isa = PBXFileReference; lastKnownFileType = sourcecode.swift; path = RootRouter.swift; sourceTree = "<group>"; };
		E18336432940E68E007B4EE7 /* RootViewController.swift */ = {isa = PBXFileReference; lastKnownFileType = sourcecode.swift; path = RootViewController.swift; sourceTree = "<group>"; };
		E18336442940E68E007B4EE7 /* RootBuilder.swift */ = {isa = PBXFileReference; lastKnownFileType = sourcecode.swift; path = RootBuilder.swift; sourceTree = "<group>"; };
		E18336452940E68E007B4EE7 /* RootInteractor.swift */ = {isa = PBXFileReference; lastKnownFileType = sourcecode.swift; path = RootInteractor.swift; sourceTree = "<group>"; };
		E183364C2940EA40007B4EE7 /* AppComponent.swift */ = {isa = PBXFileReference; lastKnownFileType = sourcecode.swift; path = AppComponent.swift; sourceTree = "<group>"; };
		E1BD9326293E3C4600D829C4 /* RIBs_memo.app */ = {isa = PBXFileReference; explicitFileType = wrapper.application; includeInIndex = 0; path = RIBs_memo.app; sourceTree = BUILT_PRODUCTS_DIR; };
		E1BD9329293E3C4600D829C4 /* AppDelegate.swift */ = {isa = PBXFileReference; lastKnownFileType = sourcecode.swift; path = AppDelegate.swift; sourceTree = "<group>"; };
		E1BD932B293E3C4600D829C4 /* SceneDelegate.swift */ = {isa = PBXFileReference; lastKnownFileType = sourcecode.swift; path = SceneDelegate.swift; sourceTree = "<group>"; };
		E1BD9332293E3C4800D829C4 /* Assets.xcassets */ = {isa = PBXFileReference; lastKnownFileType = folder.assetcatalog; path = Assets.xcassets; sourceTree = "<group>"; };
		E1BD9335293E3C4800D829C4 /* Base */ = {isa = PBXFileReference; lastKnownFileType = file.storyboard; name = Base; path = Base.lproj/LaunchScreen.storyboard; sourceTree = "<group>"; };
		E1BD9337293E3C4800D829C4 /* Info.plist */ = {isa = PBXFileReference; lastKnownFileType = text.plist.xml; path = Info.plist; sourceTree = "<group>"; };
		E1BD933C293E3C4900D829C4 /* RIBs_memoTests.xctest */ = {isa = PBXFileReference; explicitFileType = wrapper.cfbundle; includeInIndex = 0; path = RIBs_memoTests.xctest; sourceTree = BUILT_PRODUCTS_DIR; };
		E1BD9340293E3C4900D829C4 /* RIBs_memoTests.swift */ = {isa = PBXFileReference; lastKnownFileType = sourcecode.swift; path = RIBs_memoTests.swift; sourceTree = "<group>"; };
		E1BD9346293E3C4900D829C4 /* RIBs_memoUITests.xctest */ = {isa = PBXFileReference; explicitFileType = wrapper.cfbundle; includeInIndex = 0; path = RIBs_memoUITests.xctest; sourceTree = BUILT_PRODUCTS_DIR; };
		E1BD934A293E3C4900D829C4 /* RIBs_memoUITests.swift */ = {isa = PBXFileReference; lastKnownFileType = sourcecode.swift; path = RIBs_memoUITests.swift; sourceTree = "<group>"; };
		E1BD934C293E3C4900D829C4 /* RIBs_memoUITestsLaunchTests.swift */ = {isa = PBXFileReference; lastKnownFileType = sourcecode.swift; path = RIBs_memoUITestsLaunchTests.swift; sourceTree = "<group>"; };
		E1C4A8E829474EA300E6DA43 /* RootComponent+LoggedOut.swift */ = {isa = PBXFileReference; lastKnownFileType = sourcecode.swift; path = "RootComponent+LoggedOut.swift"; sourceTree = "<group>"; };
		E1E96851293E43C800CDEF61 /* LoggedOutRouter.swift */ = {isa = PBXFileReference; lastKnownFileType = sourcecode.swift; path = LoggedOutRouter.swift; sourceTree = "<group>"; };
		E1E96852293E43C800CDEF61 /* LoggedOutViewController.storyboard */ = {isa = PBXFileReference; lastKnownFileType = file.storyboard; path = LoggedOutViewController.storyboard; sourceTree = "<group>"; };
		E1E96853293E43C800CDEF61 /* LoggedOutViewController.swift */ = {isa = PBXFileReference; lastKnownFileType = sourcecode.swift; path = LoggedOutViewController.swift; sourceTree = "<group>"; };
		E1E96854293E43C800CDEF61 /* LoggedOutBuilder.swift */ = {isa = PBXFileReference; lastKnownFileType = sourcecode.swift; path = LoggedOutBuilder.swift; sourceTree = "<group>"; };
		E1E96855293E43C800CDEF61 /* LoggedOutInteractor.swift */ = {isa = PBXFileReference; lastKnownFileType = sourcecode.swift; path = LoggedOutInteractor.swift; sourceTree = "<group>"; };
		E1ED900329477EF1007659E7 /* LoginTextInputManager.swift */ = {isa = PBXFileReference; lastKnownFileType = sourcecode.swift; path = LoginTextInputManager.swift; sourceTree = "<group>"; };
		EFB2F311F7EFA407A12EB93E /* Pods-RIBs_memo.release.xcconfig */ = {isa = PBXFileReference; includeInIndex = 1; lastKnownFileType = text.xcconfig; name = "Pods-RIBs_memo.release.xcconfig"; path = "Target Support Files/Pods-RIBs_memo/Pods-RIBs_memo.release.xcconfig"; sourceTree = "<group>"; };
/* End PBXFileReference section */

/* Begin PBXFrameworksBuildPhase section */
		E1BD9323293E3C4600D829C4 /* Frameworks */ = {
			isa = PBXFrameworksBuildPhase;
			buildActionMask = 2147483647;
			files = (
				218B8B1DCD0202C3DA7EC4D3 /* Pods_RIBs_memo.framework in Frameworks */,
			);
			runOnlyForDeploymentPostprocessing = 0;
		};
		E1BD9339293E3C4900D829C4 /* Frameworks */ = {
			isa = PBXFrameworksBuildPhase;
			buildActionMask = 2147483647;
			files = (
				AF8B59C50A6877828964BB35 /* Pods_RIBs_memoTests.framework in Frameworks */,
			);
			runOnlyForDeploymentPostprocessing = 0;
		};
		E1BD9343293E3C4900D829C4 /* Frameworks */ = {
			isa = PBXFrameworksBuildPhase;
			buildActionMask = 2147483647;
			files = (
				FDAAE1E25711F898A8AB8C42 /* Pods_RIBs_memo_RIBs_memoUITests.framework in Frameworks */,
			);
			runOnlyForDeploymentPostprocessing = 0;
		};
/* End PBXFrameworksBuildPhase section */

/* Begin PBXGroup section */
		AEC213089D156B90562FEFE3 /* Pods */ = {
			isa = PBXGroup;
			children = (
				48F29E3885C8281A47612CCD /* Pods-RIBs_memo.debug.xcconfig */,
				EFB2F311F7EFA407A12EB93E /* Pods-RIBs_memo.release.xcconfig */,
				48E8AC46F4472702AC81DC7D /* Pods-RIBs_memo-RIBs_memoUITests.debug.xcconfig */,
				1C23BAA3E622ED1109720F0D /* Pods-RIBs_memo-RIBs_memoUITests.release.xcconfig */,
				8E32E19E42FC623E8A0098A1 /* Pods-RIBs_memoTests.debug.xcconfig */,
				865E965DE75CD6FFAE6676B8 /* Pods-RIBs_memoTests.release.xcconfig */,
			);
			path = Pods;
			sourceTree = "<group>";
		};
		CD7017F50ABFD4F58A24004D /* Frameworks */ = {
			isa = PBXGroup;
			children = (
				8E82D2FDA95E4D11141A8378 /* Pods_RIBs_memo.framework */,
				D0F45C6D6A3B1EE9B5212078 /* Pods_RIBs_memo_RIBs_memoUITests.framework */,
				474BBBFB6D4A549A9803317F /* Pods_RIBs_memoTests.framework */,
			);
			name = Frameworks;
			sourceTree = "<group>";
		};
		E18336412940E683007B4EE7 /* Root */ = {
			isa = PBXGroup;
			children = (
				E18336422940E68E007B4EE7 /* RootRouter.swift */,
				E18336432940E68E007B4EE7 /* RootViewController.swift */,
				E18336442940E68E007B4EE7 /* RootBuilder.swift */,
				E1C4A8E829474EA300E6DA43 /* RootComponent+LoggedOut.swift */,
				E18336452940E68E007B4EE7 /* RootInteractor.swift */,
			);
			path = Root;
			sourceTree = "<group>";
		};
		E183364E2940EA91007B4EE7 /* AppStart */ = {
			isa = PBXGroup;
			children = (
				E1BD932B293E3C4600D829C4 /* SceneDelegate.swift */,
				E1BD9329293E3C4600D829C4 /* AppDelegate.swift */,
				E183364C2940EA40007B4EE7 /* AppComponent.swift */,
			);
			path = AppStart;
			sourceTree = "<group>";
		};
		E1BD931D293E3C4600D829C4 = {
			isa = PBXGroup;
			children = (
				E1BD9328293E3C4600D829C4 /* RIBs_memo */,
				E1BD933F293E3C4900D829C4 /* RIBs_memoTests */,
				E1BD9349293E3C4900D829C4 /* RIBs_memoUITests */,
				E1BD9327293E3C4600D829C4 /* Products */,
				AEC213089D156B90562FEFE3 /* Pods */,
				CD7017F50ABFD4F58A24004D /* Frameworks */,
			);
			sourceTree = "<group>";
		};
		E1BD9327293E3C4600D829C4 /* Products */ = {
			isa = PBXGroup;
			children = (
				E1BD9326293E3C4600D829C4 /* RIBs_memo.app */,
				E1BD933C293E3C4900D829C4 /* RIBs_memoTests.xctest */,
				E1BD9346293E3C4900D829C4 /* RIBs_memoUITests.xctest */,
			);
			name = Products;
			sourceTree = "<group>";
		};
		E1BD9328293E3C4600D829C4 /* RIBs_memo */ = {
			isa = PBXGroup;
			children = (
				E1ED900229477EE1007659E7 /* Utils */,
				E183364E2940EA91007B4EE7 /* AppStart */,
				E1E9685C293E43E200CDEF61 /* RIBs */,
				E1BD9332293E3C4800D829C4 /* Assets.xcassets */,
				E1BD9334293E3C4800D829C4 /* LaunchScreen.storyboard */,
				E1BD9337293E3C4800D829C4 /* Info.plist */,
			);
			path = RIBs_memo;
			sourceTree = "<group>";
		};
		E1BD933F293E3C4900D829C4 /* RIBs_memoTests */ = {
			isa = PBXGroup;
			children = (
				E1BD9340293E3C4900D829C4 /* RIBs_memoTests.swift */,
			);
			path = RIBs_memoTests;
			sourceTree = "<group>";
		};
		E1BD9349293E3C4900D829C4 /* RIBs_memoUITests */ = {
			isa = PBXGroup;
			children = (
				E1BD934A293E3C4900D829C4 /* RIBs_memoUITests.swift */,
				E1BD934C293E3C4900D829C4 /* RIBs_memoUITestsLaunchTests.swift */,
			);
			path = RIBs_memoUITests;
			sourceTree = "<group>";
		};
		E1E9685B293E43D900CDEF61 /* LoggedOut */ = {
			isa = PBXGroup;
			children = (
				E1E96851293E43C800CDEF61 /* LoggedOutRouter.swift */,
				E1E96852293E43C800CDEF61 /* LoggedOutViewController.storyboard */,
				E1E96853293E43C800CDEF61 /* LoggedOutViewController.swift */,
				E1E96854293E43C800CDEF61 /* LoggedOutBuilder.swift */,
				E1E96855293E43C800CDEF61 /* LoggedOutInteractor.swift */,
			);
			path = LoggedOut;
			sourceTree = "<group>";
		};
		E1E9685C293E43E200CDEF61 /* RIBs */ = {
			isa = PBXGroup;
			children = (
				E18336412940E683007B4EE7 /* Root */,
				E1E9685B293E43D900CDEF61 /* LoggedOut */,
			);
			path = RIBs;
			sourceTree = "<group>";
		};
		E1ED900229477EE1007659E7 /* Utils */ = {
			isa = PBXGroup;
			children = (
				E1ED900329477EF1007659E7 /* LoginTextInputManager.swift */,
			);
			path = Utils;
			sourceTree = "<group>";
		};
/* End PBXGroup section */

/* Begin PBXNativeTarget section */
		E1BD9325293E3C4600D829C4 /* RIBs_memo */ = {
			isa = PBXNativeTarget;
			buildConfigurationList = E1BD9350293E3C4900D829C4 /* Build configuration list for PBXNativeTarget "RIBs_memo" */;
			buildPhases = (
				0C93745E781C2626775799B4 /* [CP] Check Pods Manifest.lock */,
				E1BD9322293E3C4600D829C4 /* Sources */,
				E1BD9323293E3C4600D829C4 /* Frameworks */,
				E1BD9324293E3C4600D829C4 /* Resources */,
				44DF7F1C63F41B18EBDC9A24 /* [CP] Embed Pods Frameworks */,
			);
			buildRules = (
			);
			dependencies = (
			);
			name = RIBs_memo;
			productName = RIBs_memo;
			productReference = E1BD9326293E3C4600D829C4 /* RIBs_memo.app */;
			productType = "com.apple.product-type.application";
		};
		E1BD933B293E3C4900D829C4 /* RIBs_memoTests */ = {
			isa = PBXNativeTarget;
			buildConfigurationList = E1BD9353293E3C4900D829C4 /* Build configuration list for PBXNativeTarget "RIBs_memoTests" */;
			buildPhases = (
				0331E8FBF22CFD98408A42EC /* [CP] Check Pods Manifest.lock */,
				E1BD9338293E3C4900D829C4 /* Sources */,
				E1BD9339293E3C4900D829C4 /* Frameworks */,
				E1BD933A293E3C4900D829C4 /* Resources */,
			);
			buildRules = (
			);
			dependencies = (
				E1BD933E293E3C4900D829C4 /* PBXTargetDependency */,
			);
			name = RIBs_memoTests;
			productName = RIBs_memoTests;
			productReference = E1BD933C293E3C4900D829C4 /* RIBs_memoTests.xctest */;
			productType = "com.apple.product-type.bundle.unit-test";
		};
		E1BD9345293E3C4900D829C4 /* RIBs_memoUITests */ = {
			isa = PBXNativeTarget;
			buildConfigurationList = E1BD9356293E3C4900D829C4 /* Build configuration list for PBXNativeTarget "RIBs_memoUITests" */;
			buildPhases = (
				7B92BC59013C73408B1E9FD0 /* [CP] Check Pods Manifest.lock */,
				E1BD9342293E3C4900D829C4 /* Sources */,
				E1BD9343293E3C4900D829C4 /* Frameworks */,
				E1BD9344293E3C4900D829C4 /* Resources */,
				4C2169466FEF1D425BA0C719 /* [CP] Embed Pods Frameworks */,
			);
			buildRules = (
			);
			dependencies = (
				E1BD9348293E3C4900D829C4 /* PBXTargetDependency */,
			);
			name = RIBs_memoUITests;
			productName = RIBs_memoUITests;
			productReference = E1BD9346293E3C4900D829C4 /* RIBs_memoUITests.xctest */;
			productType = "com.apple.product-type.bundle.ui-testing";
		};
/* End PBXNativeTarget section */

/* Begin PBXProject section */
		E1BD931E293E3C4600D829C4 /* Project object */ = {
			isa = PBXProject;
			attributes = {
				BuildIndependentTargetsInParallel = 1;
				LastSwiftUpdateCheck = 1400;
				LastUpgradeCheck = 1400;
				TargetAttributes = {
					E1BD9325293E3C4600D829C4 = {
						CreatedOnToolsVersion = 14.0.1;
					};
					E1BD933B293E3C4900D829C4 = {
						CreatedOnToolsVersion = 14.0.1;
						TestTargetID = E1BD9325293E3C4600D829C4;
					};
					E1BD9345293E3C4900D829C4 = {
						CreatedOnToolsVersion = 14.0.1;
						TestTargetID = E1BD9325293E3C4600D829C4;
					};
				};
			};
			buildConfigurationList = E1BD9321293E3C4600D829C4 /* Build configuration list for PBXProject "RIBs_memo" */;
			compatibilityVersion = "Xcode 14.0";
			developmentRegion = en;
			hasScannedForEncodings = 0;
			knownRegions = (
				en,
				Base,
			);
			mainGroup = E1BD931D293E3C4600D829C4;
			productRefGroup = E1BD9327293E3C4600D829C4 /* Products */;
			projectDirPath = "";
			projectRoot = "";
			targets = (
				E1BD9325293E3C4600D829C4 /* RIBs_memo */,
				E1BD933B293E3C4900D829C4 /* RIBs_memoTests */,
				E1BD9345293E3C4900D829C4 /* RIBs_memoUITests */,
			);
		};
/* End PBXProject section */

/* Begin PBXResourcesBuildPhase section */
		E1BD9324293E3C4600D829C4 /* Resources */ = {
			isa = PBXResourcesBuildPhase;
			buildActionMask = 2147483647;
			files = (
				E1BD9336293E3C4800D829C4 /* LaunchScreen.storyboard in Resources */,
				E1BD9333293E3C4800D829C4 /* Assets.xcassets in Resources */,
				E1E96857293E43C800CDEF61 /* LoggedOutViewController.storyboard in Resources */,
			);
			runOnlyForDeploymentPostprocessing = 0;
		};
		E1BD933A293E3C4900D829C4 /* Resources */ = {
			isa = PBXResourcesBuildPhase;
			buildActionMask = 2147483647;
			files = (
			);
			runOnlyForDeploymentPostprocessing = 0;
		};
		E1BD9344293E3C4900D829C4 /* Resources */ = {
			isa = PBXResourcesBuildPhase;
			buildActionMask = 2147483647;
			files = (
			);
			runOnlyForDeploymentPostprocessing = 0;
		};
/* End PBXResourcesBuildPhase section */

/* Begin PBXShellScriptBuildPhase section */
		0331E8FBF22CFD98408A42EC /* [CP] Check Pods Manifest.lock */ = {
			isa = PBXShellScriptBuildPhase;
			buildActionMask = 2147483647;
			files = (
			);
			inputFileListPaths = (
			);
			inputPaths = (
				"${PODS_PODFILE_DIR_PATH}/Podfile.lock",
				"${PODS_ROOT}/Manifest.lock",
			);
			name = "[CP] Check Pods Manifest.lock";
			outputFileListPaths = (
			);
			outputPaths = (
				"$(DERIVED_FILE_DIR)/Pods-RIBs_memoTests-checkManifestLockResult.txt",
			);
			runOnlyForDeploymentPostprocessing = 0;
			shellPath = /bin/sh;
			shellScript = "diff \"${PODS_PODFILE_DIR_PATH}/Podfile.lock\" \"${PODS_ROOT}/Manifest.lock\" > /dev/null\nif [ $? != 0 ] ; then\n    # print error to STDERR\n    echo \"error: The sandbox is not in sync with the Podfile.lock. Run 'pod install' or update your CocoaPods installation.\" >&2\n    exit 1\nfi\n# This output is used by Xcode 'outputs' to avoid re-running this script phase.\necho \"SUCCESS\" > \"${SCRIPT_OUTPUT_FILE_0}\"\n";
			showEnvVarsInLog = 0;
		};
		0C93745E781C2626775799B4 /* [CP] Check Pods Manifest.lock */ = {
			isa = PBXShellScriptBuildPhase;
			buildActionMask = 2147483647;
			files = (
			);
			inputFileListPaths = (
			);
			inputPaths = (
				"${PODS_PODFILE_DIR_PATH}/Podfile.lock",
				"${PODS_ROOT}/Manifest.lock",
			);
			name = "[CP] Check Pods Manifest.lock";
			outputFileListPaths = (
			);
			outputPaths = (
				"$(DERIVED_FILE_DIR)/Pods-RIBs_memo-checkManifestLockResult.txt",
			);
			runOnlyForDeploymentPostprocessing = 0;
			shellPath = /bin/sh;
			shellScript = "diff \"${PODS_PODFILE_DIR_PATH}/Podfile.lock\" \"${PODS_ROOT}/Manifest.lock\" > /dev/null\nif [ $? != 0 ] ; then\n    # print error to STDERR\n    echo \"error: The sandbox is not in sync with the Podfile.lock. Run 'pod install' or update your CocoaPods installation.\" >&2\n    exit 1\nfi\n# This output is used by Xcode 'outputs' to avoid re-running this script phase.\necho \"SUCCESS\" > \"${SCRIPT_OUTPUT_FILE_0}\"\n";
			showEnvVarsInLog = 0;
		};
		44DF7F1C63F41B18EBDC9A24 /* [CP] Embed Pods Frameworks */ = {
			isa = PBXShellScriptBuildPhase;
			buildActionMask = 2147483647;
			files = (
			);
			inputFileListPaths = (
				"${PODS_ROOT}/Target Support Files/Pods-RIBs_memo/Pods-RIBs_memo-frameworks-${CONFIGURATION}-input-files.xcfilelist",
			);
			name = "[CP] Embed Pods Frameworks";
			outputFileListPaths = (
				"${PODS_ROOT}/Target Support Files/Pods-RIBs_memo/Pods-RIBs_memo-frameworks-${CONFIGURATION}-output-files.xcfilelist",
			);
			runOnlyForDeploymentPostprocessing = 0;
			shellPath = /bin/sh;
			shellScript = "\"${PODS_ROOT}/Target Support Files/Pods-RIBs_memo/Pods-RIBs_memo-frameworks.sh\"\n";
			showEnvVarsInLog = 0;
		};
		4C2169466FEF1D425BA0C719 /* [CP] Embed Pods Frameworks */ = {
			isa = PBXShellScriptBuildPhase;
			buildActionMask = 2147483647;
			files = (
			);
			inputFileListPaths = (
				"${PODS_ROOT}/Target Support Files/Pods-RIBs_memo-RIBs_memoUITests/Pods-RIBs_memo-RIBs_memoUITests-frameworks-${CONFIGURATION}-input-files.xcfilelist",
			);
			name = "[CP] Embed Pods Frameworks";
			outputFileListPaths = (
				"${PODS_ROOT}/Target Support Files/Pods-RIBs_memo-RIBs_memoUITests/Pods-RIBs_memo-RIBs_memoUITests-frameworks-${CONFIGURATION}-output-files.xcfilelist",
			);
			runOnlyForDeploymentPostprocessing = 0;
			shellPath = /bin/sh;
			shellScript = "\"${PODS_ROOT}/Target Support Files/Pods-RIBs_memo-RIBs_memoUITests/Pods-RIBs_memo-RIBs_memoUITests-frameworks.sh\"\n";
			showEnvVarsInLog = 0;
		};
		7B92BC59013C73408B1E9FD0 /* [CP] Check Pods Manifest.lock */ = {
			isa = PBXShellScriptBuildPhase;
			buildActionMask = 2147483647;
			files = (
			);
			inputFileListPaths = (
			);
			inputPaths = (
				"${PODS_PODFILE_DIR_PATH}/Podfile.lock",
				"${PODS_ROOT}/Manifest.lock",
			);
			name = "[CP] Check Pods Manifest.lock";
			outputFileListPaths = (
			);
			outputPaths = (
				"$(DERIVED_FILE_DIR)/Pods-RIBs_memo-RIBs_memoUITests-checkManifestLockResult.txt",
			);
			runOnlyForDeploymentPostprocessing = 0;
			shellPath = /bin/sh;
			shellScript = "diff \"${PODS_PODFILE_DIR_PATH}/Podfile.lock\" \"${PODS_ROOT}/Manifest.lock\" > /dev/null\nif [ $? != 0 ] ; then\n    # print error to STDERR\n    echo \"error: The sandbox is not in sync with the Podfile.lock. Run 'pod install' or update your CocoaPods installation.\" >&2\n    exit 1\nfi\n# This output is used by Xcode 'outputs' to avoid re-running this script phase.\necho \"SUCCESS\" > \"${SCRIPT_OUTPUT_FILE_0}\"\n";
			showEnvVarsInLog = 0;
		};
/* End PBXShellScriptBuildPhase section */

/* Begin PBXSourcesBuildPhase section */
		E1BD9322293E3C4600D829C4 /* Sources */ = {
			isa = PBXSourcesBuildPhase;
			buildActionMask = 2147483647;
			files = (
				E1ED900429477EF1007659E7 /* LoginTextInputManager.swift in Sources */,
				E18336462940E68E007B4EE7 /* RootRouter.swift in Sources */,
				E18336492940E68E007B4EE7 /* RootInteractor.swift in Sources */,
				E18336472940E68E007B4EE7 /* RootViewController.swift in Sources */,
				E1BD932A293E3C4600D829C4 /* AppDelegate.swift in Sources */,
				E1C4A8E929474EA300E6DA43 /* RootComponent+LoggedOut.swift in Sources */,
				E183364D2940EA40007B4EE7 /* AppComponent.swift in Sources */,
				E1E96859293E43C800CDEF61 /* LoggedOutBuilder.swift in Sources */,
				E1BD932C293E3C4600D829C4 /* SceneDelegate.swift in Sources */,
				E1E96856293E43C800CDEF61 /* LoggedOutRouter.swift in Sources */,
				E18336482940E68E007B4EE7 /* RootBuilder.swift in Sources */,
				E1E9685A293E43C800CDEF61 /* LoggedOutInteractor.swift in Sources */,
				E1E96858293E43C800CDEF61 /* LoggedOutViewController.swift in Sources */,
			);
			runOnlyForDeploymentPostprocessing = 0;
		};
		E1BD9338293E3C4900D829C4 /* Sources */ = {
			isa = PBXSourcesBuildPhase;
			buildActionMask = 2147483647;
			files = (
				E1BD9341293E3C4900D829C4 /* RIBs_memoTests.swift in Sources */,
			);
			runOnlyForDeploymentPostprocessing = 0;
		};
		E1BD9342293E3C4900D829C4 /* Sources */ = {
			isa = PBXSourcesBuildPhase;
			buildActionMask = 2147483647;
			files = (
				E1BD934D293E3C4900D829C4 /* RIBs_memoUITestsLaunchTests.swift in Sources */,
				E1BD934B293E3C4900D829C4 /* RIBs_memoUITests.swift in Sources */,
			);
			runOnlyForDeploymentPostprocessing = 0;
		};
/* End PBXSourcesBuildPhase section */

/* Begin PBXTargetDependency section */
		E1BD933E293E3C4900D829C4 /* PBXTargetDependency */ = {
			isa = PBXTargetDependency;
			target = E1BD9325293E3C4600D829C4 /* RIBs_memo */;
			targetProxy = E1BD933D293E3C4900D829C4 /* PBXContainerItemProxy */;
		};
		E1BD9348293E3C4900D829C4 /* PBXTargetDependency */ = {
			isa = PBXTargetDependency;
			target = E1BD9325293E3C4600D829C4 /* RIBs_memo */;
			targetProxy = E1BD9347293E3C4900D829C4 /* PBXContainerItemProxy */;
		};
/* End PBXTargetDependency section */

/* Begin PBXVariantGroup section */
		E1BD9334293E3C4800D829C4 /* LaunchScreen.storyboard */ = {
			isa = PBXVariantGroup;
			children = (
				E1BD9335293E3C4800D829C4 /* Base */,
			);
			name = LaunchScreen.storyboard;
			sourceTree = "<group>";
		};
/* End PBXVariantGroup section */

/* Begin XCBuildConfiguration section */
		E1BD934E293E3C4900D829C4 /* Debug */ = {
			isa = XCBuildConfiguration;
			buildSettings = {
				ALWAYS_SEARCH_USER_PATHS = NO;
				CLANG_ANALYZER_NONNULL = YES;
				CLANG_ANALYZER_NUMBER_OBJECT_CONVERSION = YES_AGGRESSIVE;
				CLANG_CXX_LANGUAGE_STANDARD = "gnu++20";
				CLANG_ENABLE_MODULES = YES;
				CLANG_ENABLE_OBJC_ARC = YES;
				CLANG_ENABLE_OBJC_WEAK = YES;
				CLANG_WARN_BLOCK_CAPTURE_AUTORELEASING = YES;
				CLANG_WARN_BOOL_CONVERSION = YES;
				CLANG_WARN_COMMA = YES;
				CLANG_WARN_CONSTANT_CONVERSION = YES;
				CLANG_WARN_DEPRECATED_OBJC_IMPLEMENTATIONS = YES;
				CLANG_WARN_DIRECT_OBJC_ISA_USAGE = YES_ERROR;
				CLANG_WARN_DOCUMENTATION_COMMENTS = YES;
				CLANG_WARN_EMPTY_BODY = YES;
				CLANG_WARN_ENUM_CONVERSION = YES;
				CLANG_WARN_INFINITE_RECURSION = YES;
				CLANG_WARN_INT_CONVERSION = YES;
				CLANG_WARN_NON_LITERAL_NULL_CONVERSION = YES;
				CLANG_WARN_OBJC_IMPLICIT_RETAIN_SELF = YES;
				CLANG_WARN_OBJC_LITERAL_CONVERSION = YES;
				CLANG_WARN_OBJC_ROOT_CLASS = YES_ERROR;
				CLANG_WARN_QUOTED_INCLUDE_IN_FRAMEWORK_HEADER = YES;
				CLANG_WARN_RANGE_LOOP_ANALYSIS = YES;
				CLANG_WARN_STRICT_PROTOTYPES = YES;
				CLANG_WARN_SUSPICIOUS_MOVE = YES;
				CLANG_WARN_UNGUARDED_AVAILABILITY = YES_AGGRESSIVE;
				CLANG_WARN_UNREACHABLE_CODE = YES;
				CLANG_WARN__DUPLICATE_METHOD_MATCH = YES;
				COPY_PHASE_STRIP = NO;
				DEBUG_INFORMATION_FORMAT = dwarf;
				ENABLE_STRICT_OBJC_MSGSEND = YES;
				ENABLE_TESTABILITY = YES;
				GCC_C_LANGUAGE_STANDARD = gnu11;
				GCC_DYNAMIC_NO_PIC = NO;
				GCC_NO_COMMON_BLOCKS = YES;
				GCC_OPTIMIZATION_LEVEL = 0;
				GCC_PREPROCESSOR_DEFINITIONS = (
					"DEBUG=1",
					"$(inherited)",
				);
				GCC_WARN_64_TO_32_BIT_CONVERSION = YES;
				GCC_WARN_ABOUT_RETURN_TYPE = YES_ERROR;
				GCC_WARN_UNDECLARED_SELECTOR = YES;
				GCC_WARN_UNINITIALIZED_AUTOS = YES_AGGRESSIVE;
				GCC_WARN_UNUSED_FUNCTION = YES;
				GCC_WARN_UNUSED_VARIABLE = YES;
				IPHONEOS_DEPLOYMENT_TARGET = 16.0;
				MTL_ENABLE_DEBUG_INFO = INCLUDE_SOURCE;
				MTL_FAST_MATH = YES;
				ONLY_ACTIVE_ARCH = YES;
				SDKROOT = iphoneos;
				SWIFT_ACTIVE_COMPILATION_CONDITIONS = DEBUG;
				SWIFT_OPTIMIZATION_LEVEL = "-Onone";
			};
			name = Debug;
		};
		E1BD934F293E3C4900D829C4 /* Release */ = {
			isa = XCBuildConfiguration;
			buildSettings = {
				ALWAYS_SEARCH_USER_PATHS = NO;
				CLANG_ANALYZER_NONNULL = YES;
				CLANG_ANALYZER_NUMBER_OBJECT_CONVERSION = YES_AGGRESSIVE;
				CLANG_CXX_LANGUAGE_STANDARD = "gnu++20";
				CLANG_ENABLE_MODULES = YES;
				CLANG_ENABLE_OBJC_ARC = YES;
				CLANG_ENABLE_OBJC_WEAK = YES;
				CLANG_WARN_BLOCK_CAPTURE_AUTORELEASING = YES;
				CLANG_WARN_BOOL_CONVERSION = YES;
				CLANG_WARN_COMMA = YES;
				CLANG_WARN_CONSTANT_CONVERSION = YES;
				CLANG_WARN_DEPRECATED_OBJC_IMPLEMENTATIONS = YES;
				CLANG_WARN_DIRECT_OBJC_ISA_USAGE = YES_ERROR;
				CLANG_WARN_DOCUMENTATION_COMMENTS = YES;
				CLANG_WARN_EMPTY_BODY = YES;
				CLANG_WARN_ENUM_CONVERSION = YES;
				CLANG_WARN_INFINITE_RECURSION = YES;
				CLANG_WARN_INT_CONVERSION = YES;
				CLANG_WARN_NON_LITERAL_NULL_CONVERSION = YES;
				CLANG_WARN_OBJC_IMPLICIT_RETAIN_SELF = YES;
				CLANG_WARN_OBJC_LITERAL_CONVERSION = YES;
				CLANG_WARN_OBJC_ROOT_CLASS = YES_ERROR;
				CLANG_WARN_QUOTED_INCLUDE_IN_FRAMEWORK_HEADER = YES;
				CLANG_WARN_RANGE_LOOP_ANALYSIS = YES;
				CLANG_WARN_STRICT_PROTOTYPES = YES;
				CLANG_WARN_SUSPICIOUS_MOVE = YES;
				CLANG_WARN_UNGUARDED_AVAILABILITY = YES_AGGRESSIVE;
				CLANG_WARN_UNREACHABLE_CODE = YES;
				CLANG_WARN__DUPLICATE_METHOD_MATCH = YES;
				COPY_PHASE_STRIP = NO;
				DEBUG_INFORMATION_FORMAT = "dwarf-with-dsym";
				ENABLE_NS_ASSERTIONS = NO;
				ENABLE_STRICT_OBJC_MSGSEND = YES;
				GCC_C_LANGUAGE_STANDARD = gnu11;
				GCC_NO_COMMON_BLOCKS = YES;
				GCC_WARN_64_TO_32_BIT_CONVERSION = YES;
				GCC_WARN_ABOUT_RETURN_TYPE = YES_ERROR;
				GCC_WARN_UNDECLARED_SELECTOR = YES;
				GCC_WARN_UNINITIALIZED_AUTOS = YES_AGGRESSIVE;
				GCC_WARN_UNUSED_FUNCTION = YES;
				GCC_WARN_UNUSED_VARIABLE = YES;
				IPHONEOS_DEPLOYMENT_TARGET = 16.0;
				MTL_ENABLE_DEBUG_INFO = NO;
				MTL_FAST_MATH = YES;
				SDKROOT = iphoneos;
				SWIFT_COMPILATION_MODE = wholemodule;
				SWIFT_OPTIMIZATION_LEVEL = "-O";
				VALIDATE_PRODUCT = YES;
			};
			name = Release;
		};
		E1BD9351293E3C4900D829C4 /* Debug */ = {
			isa = XCBuildConfiguration;
			baseConfigurationReference = 48F29E3885C8281A47612CCD /* Pods-RIBs_memo.debug.xcconfig */;
			buildSettings = {
				ASSETCATALOG_COMPILER_APPICON_NAME = AppIcon;
				ASSETCATALOG_COMPILER_GLOBAL_ACCENT_COLOR_NAME = AccentColor;
				CODE_SIGN_STYLE = Automatic;
				CURRENT_PROJECT_VERSION = 1;
				DEVELOPMENT_TEAM = R4G74AF442;
				GENERATE_INFOPLIST_FILE = YES;
				INFOPLIST_FILE = RIBs_memo/Info.plist;
				INFOPLIST_KEY_UIApplicationSupportsIndirectInputEvents = YES;
				INFOPLIST_KEY_UILaunchStoryboardName = LaunchScreen;
				INFOPLIST_KEY_UISupportedInterfaceOrientations_iPad = "UIInterfaceOrientationPortrait UIInterfaceOrientationPortraitUpsideDown UIInterfaceOrientationLandscapeLeft UIInterfaceOrientationLandscapeRight";
				INFOPLIST_KEY_UISupportedInterfaceOrientations_iPhone = "UIInterfaceOrientationPortrait UIInterfaceOrientationLandscapeLeft UIInterfaceOrientationLandscapeRight";
				LD_RUNPATH_SEARCH_PATHS = (
					"$(inherited)",
					"@executable_path/Frameworks",
				);
				MARKETING_VERSION = 1.0;
				PRODUCT_BUNDLE_IDENTIFIER = "com.bhooncoding.RIBs-memo";
				PRODUCT_NAME = "$(TARGET_NAME)";
				SUPPORTED_PLATFORMS = "iphoneos iphonesimulator";
				SUPPORTS_MACCATALYST = NO;
				SUPPORTS_MAC_DESIGNED_FOR_IPHONE_IPAD = YES;
				SWIFT_EMIT_LOC_STRINGS = YES;
				SWIFT_VERSION = 5.0;
				TARGETED_DEVICE_FAMILY = 1;
			};
			name = Debug;
		};
		E1BD9352293E3C4900D829C4 /* Release */ = {
			isa = XCBuildConfiguration;
			baseConfigurationReference = EFB2F311F7EFA407A12EB93E /* Pods-RIBs_memo.release.xcconfig */;
			buildSettings = {
				ASSETCATALOG_COMPILER_APPICON_NAME = AppIcon;
				ASSETCATALOG_COMPILER_GLOBAL_ACCENT_COLOR_NAME = AccentColor;
				CODE_SIGN_STYLE = Automatic;
				CURRENT_PROJECT_VERSION = 1;
				DEVELOPMENT_TEAM = R4G74AF442;
				GENERATE_INFOPLIST_FILE = YES;
				INFOPLIST_FILE = RIBs_memo/Info.plist;
				INFOPLIST_KEY_UIApplicationSupportsIndirectInputEvents = YES;
				INFOPLIST_KEY_UILaunchStoryboardName = LaunchScreen;
				INFOPLIST_KEY_UISupportedInterfaceOrientations_iPad = "UIInterfaceOrientationPortrait UIInterfaceOrientationPortraitUpsideDown UIInterfaceOrientationLandscapeLeft UIInterfaceOrientationLandscapeRight";
				INFOPLIST_KEY_UISupportedInterfaceOrientations_iPhone = "UIInterfaceOrientationPortrait UIInterfaceOrientationLandscapeLeft UIInterfaceOrientationLandscapeRight";
				LD_RUNPATH_SEARCH_PATHS = (
					"$(inherited)",
					"@executable_path/Frameworks",
				);
				MARKETING_VERSION = 1.0;
				PRODUCT_BUNDLE_IDENTIFIER = "com.bhooncoding.RIBs-memo";
				PRODUCT_NAME = "$(TARGET_NAME)";
				SUPPORTED_PLATFORMS = "iphoneos iphonesimulator";
				SUPPORTS_MACCATALYST = NO;
				SUPPORTS_MAC_DESIGNED_FOR_IPHONE_IPAD = YES;
				SWIFT_EMIT_LOC_STRINGS = YES;
				SWIFT_VERSION = 5.0;
				TARGETED_DEVICE_FAMILY = 1;
			};
			name = Release;
		};
		E1BD9354293E3C4900D829C4 /* Debug */ = {
			isa = XCBuildConfiguration;
			baseConfigurationReference = 8E32E19E42FC623E8A0098A1 /* Pods-RIBs_memoTests.debug.xcconfig */;
			buildSettings = {
				ALWAYS_EMBED_SWIFT_STANDARD_LIBRARIES = YES;
				BUNDLE_LOADER = "$(TEST_HOST)";
				CODE_SIGN_STYLE = Automatic;
				CURRENT_PROJECT_VERSION = 1;
				DEVELOPMENT_TEAM = R4G74AF442;
				GENERATE_INFOPLIST_FILE = YES;
				IPHONEOS_DEPLOYMENT_TARGET = 16.0;
				MARKETING_VERSION = 1.0;
				PRODUCT_BUNDLE_IDENTIFIER = "com.bhooncoding.RIBs-memoTests";
				PRODUCT_NAME = "$(TARGET_NAME)";
				SWIFT_EMIT_LOC_STRINGS = NO;
				SWIFT_VERSION = 5.0;
				TARGETED_DEVICE_FAMILY = "1,2";
				TEST_HOST = "$(BUILT_PRODUCTS_DIR)/RIBs_memo.app/$(BUNDLE_EXECUTABLE_FOLDER_PATH)/RIBs_memo";
			};
			name = Debug;
		};
		E1BD9355293E3C4900D829C4 /* Release */ = {
			isa = XCBuildConfiguration;
			baseConfigurationReference = 865E965DE75CD6FFAE6676B8 /* Pods-RIBs_memoTests.release.xcconfig */;
			buildSettings = {
				ALWAYS_EMBED_SWIFT_STANDARD_LIBRARIES = YES;
				BUNDLE_LOADER = "$(TEST_HOST)";
				CODE_SIGN_STYLE = Automatic;
				CURRENT_PROJECT_VERSION = 1;
				DEVELOPMENT_TEAM = R4G74AF442;
				GENERATE_INFOPLIST_FILE = YES;
				IPHONEOS_DEPLOYMENT_TARGET = 16.0;
				MARKETING_VERSION = 1.0;
				PRODUCT_BUNDLE_IDENTIFIER = "com.bhooncoding.RIBs-memoTests";
				PRODUCT_NAME = "$(TARGET_NAME)";
				SWIFT_EMIT_LOC_STRINGS = NO;
				SWIFT_VERSION = 5.0;
				TARGETED_DEVICE_FAMILY = "1,2";
				TEST_HOST = "$(BUILT_PRODUCTS_DIR)/RIBs_memo.app/$(BUNDLE_EXECUTABLE_FOLDER_PATH)/RIBs_memo";
			};
			name = Release;
		};
		E1BD9357293E3C4900D829C4 /* Debug */ = {
			isa = XCBuildConfiguration;
			baseConfigurationReference = 48E8AC46F4472702AC81DC7D /* Pods-RIBs_memo-RIBs_memoUITests.debug.xcconfig */;
			buildSettings = {
				ALWAYS_EMBED_SWIFT_STANDARD_LIBRARIES = YES;
				CODE_SIGN_STYLE = Automatic;
				CURRENT_PROJECT_VERSION = 1;
				DEVELOPMENT_TEAM = R4G74AF442;
				GENERATE_INFOPLIST_FILE = YES;
				MARKETING_VERSION = 1.0;
				PRODUCT_BUNDLE_IDENTIFIER = "com.bhooncoding.RIBs-memoUITests";
				PRODUCT_NAME = "$(TARGET_NAME)";
				SWIFT_EMIT_LOC_STRINGS = NO;
				SWIFT_VERSION = 5.0;
				TARGETED_DEVICE_FAMILY = "1,2";
				TEST_TARGET_NAME = RIBs_memo;
			};
			name = Debug;
		};
		E1BD9358293E3C4900D829C4 /* Release */ = {
			isa = XCBuildConfiguration;
			baseConfigurationReference = 1C23BAA3E622ED1109720F0D /* Pods-RIBs_memo-RIBs_memoUITests.release.xcconfig */;
			buildSettings = {
				ALWAYS_EMBED_SWIFT_STANDARD_LIBRARIES = YES;
				CODE_SIGN_STYLE = Automatic;
				CURRENT_PROJECT_VERSION = 1;
				DEVELOPMENT_TEAM = R4G74AF442;
				GENERATE_INFOPLIST_FILE = YES;
				MARKETING_VERSION = 1.0;
				PRODUCT_BUNDLE_IDENTIFIER = "com.bhooncoding.RIBs-memoUITests";
				PRODUCT_NAME = "$(TARGET_NAME)";
				SWIFT_EMIT_LOC_STRINGS = NO;
				SWIFT_VERSION = 5.0;
				TARGETED_DEVICE_FAMILY = "1,2";
				TEST_TARGET_NAME = RIBs_memo;
			};
			name = Release;
		};
/* End XCBuildConfiguration section */

/* Begin XCConfigurationList section */
		E1BD9321293E3C4600D829C4 /* Build configuration list for PBXProject "RIBs_memo" */ = {
			isa = XCConfigurationList;
			buildConfigurations = (
				E1BD934E293E3C4900D829C4 /* Debug */,
				E1BD934F293E3C4900D829C4 /* Release */,
			);
			defaultConfigurationIsVisible = 0;
			defaultConfigurationName = Release;
		};
		E1BD9350293E3C4900D829C4 /* Build configuration list for PBXNativeTarget "RIBs_memo" */ = {
			isa = XCConfigurationList;
			buildConfigurations = (
				E1BD9351293E3C4900D829C4 /* Debug */,
				E1BD9352293E3C4900D829C4 /* Release */,
			);
			defaultConfigurationIsVisible = 0;
			defaultConfigurationName = Release;
		};
		E1BD9353293E3C4900D829C4 /* Build configuration list for PBXNativeTarget "RIBs_memoTests" */ = {
			isa = XCConfigurationList;
			buildConfigurations = (
				E1BD9354293E3C4900D829C4 /* Debug */,
				E1BD9355293E3C4900D829C4 /* Release */,
			);
			defaultConfigurationIsVisible = 0;
			defaultConfigurationName = Release;
		};
		E1BD9356293E3C4900D829C4 /* Build configuration list for PBXNativeTarget "RIBs_memoUITests" */ = {
			isa = XCConfigurationList;
			buildConfigurations = (
				E1BD9357293E3C4900D829C4 /* Debug */,
				E1BD9358293E3C4900D829C4 /* Release */,
			);
			defaultConfigurationIsVisible = 0;
			defaultConfigurationName = Release;
		};
/* End XCConfigurationList section */
	};
	rootObject = E1BD931E293E3C4600D829C4 /* Project object */;
}
